
Microsoft Visual Studio Solution File, Format Version 12.00
# Visual Studio Version 17
VisualStudioVersion = 17.3.32825.248
MinimumVisualStudioVersion = 10.0.40219.1
Project("{FAE04EC0-301F-11D3-BF4B-00C04F79EFBC}") = "Watermark", "Watermark\Watermark.csproj", "{20DD51F1-4547-4C98-A47A-45B4DE955E27}"
EndProject
Global
	GlobalSection(SolutionConfigurationPlatforms) = preSolution
		Debug|Any CPU = Debug|Any CPU
		Release|Any CPU = Release|Any CPU
	EndGlobalSection
	GlobalSection(ProjectConfigurationPlatforms) = postSolution
		{20DD51F1-4547-4C98-A47A-45B4DE955E27}.Debug|Any CPU.ActiveCfg = Debug|Any CPU
		{20DD51F1-4547-4C98-A47A-45B4DE955E27}.Debug|Any CPU.Build.0 = Debug|Any CPU
		{20DD51F1-4547-4C98-A47A-45B4DE955E27}.Release|Any CPU.ActiveCfg = Release|Any CPU
		{20DD51F1-4547-4C98-A47A-45B4DE955E27}.Release|Any CPU.Build.0 = Release|Any CPU
	EndGlobalSection
	GlobalSection(SolutionProperties) = preSolution
		HideSolutionNode = FALSE
	EndGlobalSection
	GlobalSection(ExtensibilityGlobals) = postSolution
		SolutionGuid = {9F9EDB5E-402C-4132-BF9D-E6CD9CC9F109}
	EndGlobalSection
EndGlobal
