
Microsoft Visual Studio Solution File, Format Version 12.00
# Visual Studio Version 17
VisualStudioVersion = 17.3.32825.248
MinimumVisualStudioVersion = 10.0.40219.1
Project("{9A19103F-16F7-4668-BE54-9A1E7A4F7556}") = "MvtWatermark", "MvtWatermark\MvtWatermark.csproj", "{20DD51F1-4547-4C98-A47A-45B4DE955E27}"
EndProject
Project("{9A19103F-16F7-4668-BE54-9A1E7A4F7556}") = "MvtWatermarkTests", "MvtWatermarkTests\MvtWatermarkTests.csproj", "{E168E5B1-52B5-41E8-87D7-71C1AC5667C2}"
EndProject
Project("{2150E333-8FDC-42A3-9474-1A3956D46DE8}") = "Solution Items", "Solution Items", "{44E4ED71-5878-425C-8AE1-1BF2AD9F374E}"
	ProjectSection(SolutionItems) = preProject
		.editorconfig = .editorconfig
	EndProjectSection
EndProject
Project("{9A19103F-16F7-4668-BE54-9A1E7A4F7556}") = "NoDistortionWatermarkMetrics", "NoDistortionWatermarkMetrics\NoDistortionWatermarkMetrics.csproj", "{D09E99B8-7B27-4A89-B393-7BA390F47EB5}"
EndProject
Project("{9A19103F-16F7-4668-BE54-9A1E7A4F7556}") = "ParameterValues", "ParameterValues\ParameterValues.csproj", "{645B8188-FE49-4257-A6BF-2FFD20073FAE}"
	ProjectSection(ProjectDependencies) = postProject
		{20DD51F1-4547-4C98-A47A-45B4DE955E27} = {20DD51F1-4547-4C98-A47A-45B4DE955E27}
	EndProjectSection
EndProject
Project("{9A19103F-16F7-4668-BE54-9A1E7A4F7556}") = "Distortion", "Distortion\Distortion.csproj", "{8E415897-2A85-49C9-A9CE-34ADC6CE7CCD}"
EndProject
Project("{FAE04EC0-301F-11D3-BF4B-00C04F79EFBC}") = "DistortionTry", "DistortionTry\DistortionTry.csproj", "{E12EF0C3-78F4-497B-8E01-6E8CE27EE296}"
EndProject
Global
	GlobalSection(SolutionConfigurationPlatforms) = preSolution
		Debug|Any CPU = Debug|Any CPU
		Release|Any CPU = Release|Any CPU
	EndGlobalSection
	GlobalSection(ProjectConfigurationPlatforms) = postSolution
		{20DD51F1-4547-4C98-A47A-45B4DE955E27}.Debug|Any CPU.ActiveCfg = Debug|Any CPU
		{20DD51F1-4547-4C98-A47A-45B4DE955E27}.Debug|Any CPU.Build.0 = Debug|Any CPU
		{20DD51F1-4547-4C98-A47A-45B4DE955E27}.Release|Any CPU.ActiveCfg = Release|Any CPU
		{20DD51F1-4547-4C98-A47A-45B4DE955E27}.Release|Any CPU.Build.0 = Release|Any CPU
		{E168E5B1-52B5-41E8-87D7-71C1AC5667C2}.Debug|Any CPU.ActiveCfg = Debug|Any CPU
		{E168E5B1-52B5-41E8-87D7-71C1AC5667C2}.Debug|Any CPU.Build.0 = Debug|Any CPU
		{E168E5B1-52B5-41E8-87D7-71C1AC5667C2}.Release|Any CPU.ActiveCfg = Release|Any CPU
		{E168E5B1-52B5-41E8-87D7-71C1AC5667C2}.Release|Any CPU.Build.0 = Release|Any CPU
		{D09E99B8-7B27-4A89-B393-7BA390F47EB5}.Debug|Any CPU.ActiveCfg = Debug|Any CPU
		{D09E99B8-7B27-4A89-B393-7BA390F47EB5}.Debug|Any CPU.Build.0 = Debug|Any CPU
		{D09E99B8-7B27-4A89-B393-7BA390F47EB5}.Release|Any CPU.ActiveCfg = Release|Any CPU
		{D09E99B8-7B27-4A89-B393-7BA390F47EB5}.Release|Any CPU.Build.0 = Release|Any CPU
		{645B8188-FE49-4257-A6BF-2FFD20073FAE}.Debug|Any CPU.ActiveCfg = Debug|Any CPU
		{645B8188-FE49-4257-A6BF-2FFD20073FAE}.Debug|Any CPU.Build.0 = Debug|Any CPU
		{645B8188-FE49-4257-A6BF-2FFD20073FAE}.Release|Any CPU.ActiveCfg = Release|Any CPU
		{645B8188-FE49-4257-A6BF-2FFD20073FAE}.Release|Any CPU.Build.0 = Release|Any CPU
		{8E415897-2A85-49C9-A9CE-34ADC6CE7CCD}.Debug|Any CPU.ActiveCfg = Debug|Any CPU
		{8E415897-2A85-49C9-A9CE-34ADC6CE7CCD}.Debug|Any CPU.Build.0 = Debug|Any CPU
		{8E415897-2A85-49C9-A9CE-34ADC6CE7CCD}.Release|Any CPU.ActiveCfg = Release|Any CPU
		{8E415897-2A85-49C9-A9CE-34ADC6CE7CCD}.Release|Any CPU.Build.0 = Release|Any CPU
		{E12EF0C3-78F4-497B-8E01-6E8CE27EE296}.Debug|Any CPU.ActiveCfg = Debug|Any CPU
		{E12EF0C3-78F4-497B-8E01-6E8CE27EE296}.Debug|Any CPU.Build.0 = Debug|Any CPU
		{E12EF0C3-78F4-497B-8E01-6E8CE27EE296}.Release|Any CPU.ActiveCfg = Release|Any CPU
		{E12EF0C3-78F4-497B-8E01-6E8CE27EE296}.Release|Any CPU.Build.0 = Release|Any CPU
	EndGlobalSection
	GlobalSection(SolutionProperties) = preSolution
		HideSolutionNode = FALSE
	EndGlobalSection
	GlobalSection(ExtensibilityGlobals) = postSolution
		SolutionGuid = {9F9EDB5E-402C-4132-BF9D-E6CD9CC9F109}
	EndGlobalSection
EndGlobal
