
Microsoft Visual Studio Solution File, Format Version 12.00
# Visual Studio Version 16
VisualStudioVersion = 16.0.32126.315
MinimumVisualStudioVersion = 10.0.40219.1
Project("{FAE04EC0-301F-11D3-BF4B-00C04F79EFBC}") = "mvt_Server", "mvt_Server\mvt_Server.csproj", "{81C982FF-0737-4119-B3B8-D85128E5124F}"
EndProject
Global
	GlobalSection(SolutionConfigurationPlatforms) = preSolution
		Debug|Any CPU = Debug|Any CPU
		Release|Any CPU = Release|Any CPU
	EndGlobalSection
	GlobalSection(ProjectConfigurationPlatforms) = postSolution
		{81C982FF-0737-4119-B3B8-D85128E5124F}.Debug|Any CPU.ActiveCfg = Debug|Any CPU
		{81C982FF-0737-4119-B3B8-D85128E5124F}.Debug|Any CPU.Build.0 = Debug|Any CPU
		{81C982FF-0737-4119-B3B8-D85128E5124F}.Release|Any CPU.ActiveCfg = Release|Any CPU
		{81C982FF-0737-4119-B3B8-D85128E5124F}.Release|Any CPU.Build.0 = Release|Any CPU
	EndGlobalSection
	GlobalSection(SolutionProperties) = preSolution
		HideSolutionNode = FALSE
	EndGlobalSection
	GlobalSection(ExtensibilityGlobals) = postSolution
		SolutionGuid = {8E8E2333-D060-4845-872A-E2B7277B7123}
	EndGlobalSection
EndGlobal
