
Microsoft Visual Studio Solution File, Format Version 12.00
# Visual Studio Version 16
VisualStudioVersion = 16.0.31624.102
MinimumVisualStudioVersion = 10.0.40219.1
Project("{FAE04EC0-301F-11D3-BF4B-00C04F79EFBC}") = "MvtServer", "MvtServer\MvtServer.csproj", "{641924ED-C1B5-4E2A-BACE-4AD9AD322676}"
EndProject
Global
	GlobalSection(SolutionConfigurationPlatforms) = preSolution
		Debug|Any CPU = Debug|Any CPU
		Release|Any CPU = Release|Any CPU
	EndGlobalSection
	GlobalSection(ProjectConfigurationPlatforms) = postSolution
		{641924ED-C1B5-4E2A-BACE-4AD9AD322676}.Debug|Any CPU.ActiveCfg = Debug|Any CPU
		{641924ED-C1B5-4E2A-BACE-4AD9AD322676}.Debug|Any CPU.Build.0 = Debug|Any CPU
		{641924ED-C1B5-4E2A-BACE-4AD9AD322676}.Release|Any CPU.ActiveCfg = Release|Any CPU
		{641924ED-C1B5-4E2A-BACE-4AD9AD322676}.Release|Any CPU.Build.0 = Release|Any CPU
	EndGlobalSection
	GlobalSection(SolutionProperties) = preSolution
		HideSolutionNode = FALSE
	EndGlobalSection
	GlobalSection(ExtensibilityGlobals) = postSolution
		SolutionGuid = {C3FA4D38-11FC-4392-A97F-410E6DB71BB2}
	EndGlobalSection
EndGlobal
